
Microsoft Visual Studio Solution File, Format Version 12.00
# Visual Studio Version 16
VisualStudioVersion = 16.0.29709.97
MinimumVisualStudioVersion = 10.0.40219.1
Project("{FAE04EC0-301F-11D3-BF4B-00C04F79EFBC}") = "Checkpoint3", "Checkpoint3\Checkpoint3.csproj", "{1D6C7436-4C1B-45E7-872E-09CD12892274}"
EndProject
Global
	GlobalSection(SolutionConfigurationPlatforms) = preSolution
		Debug|Any CPU = Debug|Any CPU
		Release|Any CPU = Release|Any CPU
	EndGlobalSection
	GlobalSection(ProjectConfigurationPlatforms) = postSolution
		{1D6C7436-4C1B-45E7-872E-09CD12892274}.Debug|Any CPU.ActiveCfg = Debug|Any CPU
		{1D6C7436-4C1B-45E7-872E-09CD12892274}.Debug|Any CPU.Build.0 = Debug|Any CPU
		{1D6C7436-4C1B-45E7-872E-09CD12892274}.Release|Any CPU.ActiveCfg = Release|Any CPU
		{1D6C7436-4C1B-45E7-872E-09CD12892274}.Release|Any CPU.Build.0 = Release|Any CPU
	EndGlobalSection
	GlobalSection(SolutionProperties) = preSolution
		HideSolutionNode = FALSE
	EndGlobalSection
	GlobalSection(ExtensibilityGlobals) = postSolution
		SolutionGuid = {04F6E535-2AC6-49A6-9635-4AA1726772CB}
	EndGlobalSection
EndGlobal
